%{"connection": {:hex, :connection, "1.0.4", "a1cae72211f0eef17705aaededacac3eb30e6625b04a6117c1b2db6ace7d5976", [:mix], []},
  "excheck": {:hex, :excheck, "0.5.1", "c4cb6d08ed4b6109b03707dac3be95190c2ee1a49d773f66048385160f73908b", [:mix], []},
  "triq": {:git, "https://github.com/triqng/triq.git", "2c497398e020e06db8496f1d89f12481cc5adab9", []},
  "uuid": {:hex, :uuid, "1.1.5", "96cb36d86ee82f912efea4d50464a5df606bf3f1163d6bdbb302d98474969369", [:mix], []}}
